
Microsoft Visual Studio Solution File, Format Version 12.00
# Visual Studio Version 16
VisualStudioVersion = 16.0.30204.135
MinimumVisualStudioVersion = 10.0.40219.1
Project("{888888A0-9F3D-457C-B088-3A5042F75D52}") = "AStarPathfindingAlgorithm", "AStarPathfindingAlgorithm\AStarPathfindingAlgorithm.pyproj", "{5B42A037-D576-4721-AB65-DFE213F94893}"
EndProject
Global
	GlobalSection(SolutionConfigurationPlatforms) = preSolution
		Debug|Any CPU = Debug|Any CPU
		Release|Any CPU = Release|Any CPU
	EndGlobalSection
	GlobalSection(ProjectConfigurationPlatforms) = postSolution
		{5B42A037-D576-4721-AB65-DFE213F94893}.Debug|Any CPU.ActiveCfg = Debug|Any CPU
		{5B42A037-D576-4721-AB65-DFE213F94893}.Release|Any CPU.ActiveCfg = Release|Any CPU
	EndGlobalSection
	GlobalSection(SolutionProperties) = preSolution
		HideSolutionNode = FALSE
	EndGlobalSection
	GlobalSection(ExtensibilityGlobals) = postSolution
		SolutionGuid = {0AEBA1A9-8A60-4847-B04D-C8BFF9F10E36}
	EndGlobalSection
EndGlobal
